<?xml version="1.0" encoding="utf-8"?>
<Project ToolsVersion="4.0" xmlns="http://schemas.microsoft.com/developer/msbuild/2003">
  <ItemGroup>
    <Filter Include="LIB">
      <UniqueIdentifier>{0c8b800c-3f5a-4ba9-ac9c-f9f1f1ada2f7}</UniqueIdentifier>
    </Filter>
    <Filter Include="LIB\Dump">
      <UniqueIdentifier>{0b0aee64-1ddb-4b69-8ba8-46d6a0582f9a}</UniqueIdentifier>
    </Filter>
    <Filter Include="LIB\Log">
      <UniqueIdentifier>{93995380-89BD-4b04-88EB-625FBE52EBFB}</UniqueIdentifier>
      <Extensions>h;hh;hpp;hxx;hm;inl;inc;xsd</Extensions>
    </Filter>
    <Filter Include="LIB\DBConnector">
      <UniqueIdentifier>{4FC737F1-C7A5-4376-A066-2A32D752A2FF}</UniqueIdentifier>
      <Extensions>cpp;c;cc;cxx;def;odl;idl;hpj;bat;asm;asmx</Extensions>
    </Filter>
    <Filter Include="LIB\NetServer">
      <UniqueIdentifier>{c0f75618-1ebf-486a-8369-2d2b68cda064}</UniqueIdentifier>
    </Filter>
    <Filter Include="LIB\RingBuffer">
      <UniqueIdentifier>{e865891c-d177-42ac-afb5-cd2a98ef1d77}</UniqueIdentifier>
    </Filter>
    <Filter Include="LIB\Packet">
      <UniqueIdentifier>{b5301b78-8c92-4d00-badf-b8b627e08ca2}</UniqueIdentifier>
    </Filter>
    <Filter Include="LIB\MemoryPool">
      <UniqueIdentifier>{ba0043e2-a0c9-4b73-8200-0e7a87a2a38e}</UniqueIdentifier>
    </Filter>
    <Filter Include="MatchmakingServer">
      <UniqueIdentifier>{5517c869-d37e-47ad-8fbf-09b72698f2a3}</UniqueIdentifier>
    </Filter>
    <Filter Include="MatchmakingServer\Server">
      <UniqueIdentifier>{e30afee2-f326-4b23-8cfc-178e42008f46}</UniqueIdentifier>
    </Filter>
    <Filter Include="MatchmakingServer\Player">
      <UniqueIdentifier>{52fedaeb-7361-4eb2-bd38-62407914226a}</UniqueIdentifier>
    </Filter>
    <Filter Include="LIB\Parse">
      <UniqueIdentifier>{749d4af2-79ff-409b-b3ab-0477a6b03e9c}</UniqueIdentifier>
    </Filter>
    <Filter Include="MatchmakingServer\Config">
      <UniqueIdentifier>{d7bef5f9-fea6-45f0-a991-2148435d0aa9}</UniqueIdentifier>
    </Filter>
    <Filter Include="LIB\HttpURL">
      <UniqueIdentifier>{8517be0c-0f46-49b5-981d-209e980834a3}</UniqueIdentifier>
    </Filter>
    <Filter Include="LIB\LanClient">
      <UniqueIdentifier>{581b0c7e-6de7-4ad5-98b8-988f68f74658}</UniqueIdentifier>
    </Filter>
    <Filter Include="LIB\Json">
      <UniqueIdentifier>{19deb2c5-a978-4e05-86e2-0408f03b5708}</UniqueIdentifier>
    </Filter>
  </ItemGroup>
  <ItemGroup>
    <ClCompile Include="main.cpp" />
    <ClCompile Include="DBConnector.cpp">
      <Filter>LIB\DBConnector</Filter>
    </ClCompile>
    <ClCompile Include="APIHook.cpp">
      <Filter>LIB\Dump</Filter>
    </ClCompile>
    <ClCompile Include="Dump.cpp">
      <Filter>LIB\Dump</Filter>
    </ClCompile>
    <ClCompile Include="Log.cpp">
      <Filter>LIB\Log</Filter>
    </ClCompile>
    <ClCompile Include="NetServer.cpp">
      <Filter>LIB\NetServer</Filter>
    </ClCompile>
    <ClCompile Include="Parse.cpp">
      <Filter>LIB\Parse</Filter>
    </ClCompile>
    <ClCompile Include="Packet.cpp">
      <Filter>LIB\Packet</Filter>
    </ClCompile>
    <ClCompile Include="RingBuffer.cpp">
      <Filter>LIB\RingBuffer</Filter>
    </ClCompile>
    <ClCompile Include="Config.cpp">
      <Filter>MatchmakingServer\Config</Filter>
    </ClCompile>
    <ClCompile Include="Player.cpp">
      <Filter>MatchmakingServer\Player</Filter>
    </ClCompile>
    <ClCompile Include="HttpURL.cpp">
      <Filter>LIB\HttpURL</Filter>
    </ClCompile>
    <ClCompile Include="MatchServer.cpp">
      <Filter>MatchmakingServer\Server</Filter>
    </ClCompile>
    <ClCompile Include="LanClient.cpp">
      <Filter>LIB\LanClient</Filter>
    </ClCompile>
    <ClCompile Include="Json.cpp">
      <Filter>LIB\Json</Filter>
    </ClCompile>
  </ItemGroup>
  <ItemGroup>
    <ClInclude Include="CommonProtocol.h">
      <Filter>MatchmakingServer</Filter>
    </ClInclude>
    <ClInclude Include="DBConnector.h">
      <Filter>LIB\DBConnector</Filter>
    </ClInclude>
    <ClInclude Include="APIHook.h">
      <Filter>LIB\Dump</Filter>
    </ClInclude>
    <ClInclude Include="Dump.h">
      <Filter>LIB\Dump</Filter>
    </ClInclude>
    <ClInclude Include="Log.h">
      <Filter>LIB\Log</Filter>
    </ClInclude>
    <ClInclude Include="NetServer.h">
      <Filter>LIB\NetServer</Filter>
    </ClInclude>
    <ClInclude Include="LockFreeQueue.h">
      <Filter>LIB\MemoryPool</Filter>
    </ClInclude>
    <ClInclude Include="LockFreeStack.h">
      <Filter>LIB\MemoryPool</Filter>
    </ClInclude>
    <ClInclude Include="MemoryPool.h">
      <Filter>LIB\MemoryPool</Filter>
    </ClInclude>
    <ClInclude Include="Parse.h">
      <Filter>LIB\Parse</Filter>
    </ClInclude>
    <ClInclude Include="Packet.h">
      <Filter>LIB\Packet</Filter>
    </ClInclude>
    <ClInclude Include="RingBuffer.h">
      <Filter>LIB\RingBuffer</Filter>
    </ClInclude>
    <ClInclude Include="Config.h">
      <Filter>MatchmakingServer\Config</Filter>
    </ClInclude>
    <ClInclude Include="HttpURL.h">
      <Filter>LIB\HttpURL</Filter>
    </ClInclude>
    <ClInclude Include="Player.h">
      <Filter>MatchmakingServer\Player</Filter>
    </ClInclude>
    <ClInclude Include="MatchServer.h">
      <Filter>MatchmakingServer\Server</Filter>
    </ClInclude>
    <ClInclude Include="LanClient.h">
      <Filter>LIB\LanClient</Filter>
    </ClInclude>
    <ClInclude Include="Json.h">
      <Filter>LIB\Json</Filter>
    </ClInclude>
  </ItemGroup>
  <ItemGroup>
    <None Include="MatchingServer_Config.ini">
      <Filter>MatchmakingServer</Filter>
    </None>
  </ItemGroup>
</Project>