
Microsoft Visual Studio Solution File, Format Version 12.00
# Visual Studio 15
VisualStudioVersion = 15.0.27130.2036
MinimumVisualStudioVersion = 10.0.40219.1
Project("{8BC9CEB8-8B4A-11D0-8D11-00A0C91BC942}") = "MatchmakingServer", "MatchmakingServer\MatchmakingServer.vcxproj", "{613D1E30-A858-408D-B046-F1E146B821E8}"
EndProject
Global
	GlobalSection(SolutionConfigurationPlatforms) = preSolution
		Debug|x64 = Debug|x64
		Debug|x86 = Debug|x86
		Release|x64 = Release|x64
		Release|x86 = Release|x86
	EndGlobalSection
	GlobalSection(ProjectConfigurationPlatforms) = postSolution
		{613D1E30-A858-408D-B046-F1E146B821E8}.Debug|x64.ActiveCfg = Debug|x64
		{613D1E30-A858-408D-B046-F1E146B821E8}.Debug|x64.Build.0 = Debug|x64
		{613D1E30-A858-408D-B046-F1E146B821E8}.Debug|x86.ActiveCfg = Debug|Win32
		{613D1E30-A858-408D-B046-F1E146B821E8}.Debug|x86.Build.0 = Debug|Win32
		{613D1E30-A858-408D-B046-F1E146B821E8}.Release|x64.ActiveCfg = Release|x64
		{613D1E30-A858-408D-B046-F1E146B821E8}.Release|x64.Build.0 = Release|x64
		{613D1E30-A858-408D-B046-F1E146B821E8}.Release|x86.ActiveCfg = Release|Win32
		{613D1E30-A858-408D-B046-F1E146B821E8}.Release|x86.Build.0 = Release|Win32
	EndGlobalSection
	GlobalSection(SolutionProperties) = preSolution
		HideSolutionNode = FALSE
	EndGlobalSection
	GlobalSection(ExtensibilityGlobals) = postSolution
		SolutionGuid = {D230326E-6047-4F8D-A984-7188D6AFE0AD}
	EndGlobalSection
EndGlobal
